
Microsoft Visual Studio Solution File, Format Version 12.00
# Visual Studio 15
VisualStudioVersion = 15.0.28307.705
MinimumVisualStudioVersion = 10.0.40219.1
Project("{FAE04EC0-301F-11D3-BF4B-00C04F79EFBC}") = "newsClassification", "newsClassification.csproj", "{94F3FA94-7D8E-4D0B-A926-B588305309DF}"
EndProject
Global
	GlobalSection(SolutionConfigurationPlatforms) = preSolution
		Debug|Any CPU = Debug|Any CPU
		Release|Any CPU = Release|Any CPU
	EndGlobalSection
	GlobalSection(ProjectConfigurationPlatforms) = postSolution
		{94F3FA94-7D8E-4D0B-A926-B588305309DF}.Debug|Any CPU.ActiveCfg = Debug|Any CPU
		{94F3FA94-7D8E-4D0B-A926-B588305309DF}.Debug|Any CPU.Build.0 = Debug|Any CPU
		{94F3FA94-7D8E-4D0B-A926-B588305309DF}.Release|Any CPU.ActiveCfg = Release|Any CPU
		{94F3FA94-7D8E-4D0B-A926-B588305309DF}.Release|Any CPU.Build.0 = Release|Any CPU
	EndGlobalSection
	GlobalSection(SolutionProperties) = preSolution
		HideSolutionNode = FALSE
	EndGlobalSection
	GlobalSection(ExtensibilityGlobals) = postSolution
		SolutionGuid = {434B49B7-6F60-4186-BB6E-AD75D2C128E0}
	EndGlobalSection
EndGlobal
